
Microsoft Visual Studio Solution File, Format Version 12.00
# Visual Studio Version 16
VisualStudioVersion = 16.0.30804.86
MinimumVisualStudioVersion = 10.0.40219.1
Project("{FAE04EC0-301F-11D3-BF4B-00C04F79EFBC}") = "EventManager", "EventManager\EventManager.csproj", "{A349B8A4-6631-4A5D-AC66-B9A455155AF2}"
EndProject
Global
	GlobalSection(SolutionConfigurationPlatforms) = preSolution
		Debug|Any CPU = Debug|Any CPU
		Release|Any CPU = Release|Any CPU
	EndGlobalSection
	GlobalSection(ProjectConfigurationPlatforms) = postSolution
		{A349B8A4-6631-4A5D-AC66-B9A455155AF2}.Debug|Any CPU.ActiveCfg = Debug|Any CPU
		{A349B8A4-6631-4A5D-AC66-B9A455155AF2}.Debug|Any CPU.Build.0 = Debug|Any CPU
		{A349B8A4-6631-4A5D-AC66-B9A455155AF2}.Release|Any CPU.ActiveCfg = Release|Any CPU
		{A349B8A4-6631-4A5D-AC66-B9A455155AF2}.Release|Any CPU.Build.0 = Release|Any CPU
	EndGlobalSection
	GlobalSection(SolutionProperties) = preSolution
		HideSolutionNode = FALSE
	EndGlobalSection
	GlobalSection(ExtensibilityGlobals) = postSolution
		SolutionGuid = {E0332001-EBF0-450F-84B8-713F79EF7384}
	EndGlobalSection
EndGlobal
